
Microsoft Visual Studio Solution File, Format Version 12.00
# Visual Studio 15
VisualStudioVersion = 15.0.28307.1000
MinimumVisualStudioVersion = 10.0.40219.1
Project("{FAE04EC0-301F-11D3-BF4B-00C04F79EFBC}") = "json file", "json file\json file.csproj", "{582DEED4-8084-4A67-BE70-A9FB5750513E}"
EndProject
Global
	GlobalSection(SolutionConfigurationPlatforms) = preSolution
		Debug|Any CPU = Debug|Any CPU
		Release|Any CPU = Release|Any CPU
	EndGlobalSection
	GlobalSection(ProjectConfigurationPlatforms) = postSolution
		{582DEED4-8084-4A67-BE70-A9FB5750513E}.Debug|Any CPU.ActiveCfg = Debug|Any CPU
		{582DEED4-8084-4A67-BE70-A9FB5750513E}.Debug|Any CPU.Build.0 = Debug|Any CPU
		{582DEED4-8084-4A67-BE70-A9FB5750513E}.Release|Any CPU.ActiveCfg = Release|Any CPU
		{582DEED4-8084-4A67-BE70-A9FB5750513E}.Release|Any CPU.Build.0 = Release|Any CPU
	EndGlobalSection
	GlobalSection(SolutionProperties) = preSolution
		HideSolutionNode = FALSE
	EndGlobalSection
	GlobalSection(ExtensibilityGlobals) = postSolution
		SolutionGuid = {C90A9EF9-52EA-4289-875B-CC33D16DB112}
	EndGlobalSection
EndGlobal
